
Microsoft Visual Studio Solution File, Format Version 12.00
# Visual Studio Version 17
VisualStudioVersion = 17.5.33530.505
MinimumVisualStudioVersion = 10.0.40219.1
Project("{FAE04EC0-301F-11D3-BF4B-00C04F79EFBC}") = "ARVpr7", "ARVpr7.csproj", "{0ECBFD22-D37A-4A99-A37F-A0339B2D748A}"
EndProject
Global
	GlobalSection(SolutionConfigurationPlatforms) = preSolution
		Debug|Any CPU = Debug|Any CPU
		Release|Any CPU = Release|Any CPU
	EndGlobalSection
	GlobalSection(ProjectConfigurationPlatforms) = postSolution
		{0ECBFD22-D37A-4A99-A37F-A0339B2D748A}.Debug|Any CPU.ActiveCfg = Debug|Any CPU
		{0ECBFD22-D37A-4A99-A37F-A0339B2D748A}.Debug|Any CPU.Build.0 = Debug|Any CPU
		{0ECBFD22-D37A-4A99-A37F-A0339B2D748A}.Release|Any CPU.ActiveCfg = Release|Any CPU
		{0ECBFD22-D37A-4A99-A37F-A0339B2D748A}.Release|Any CPU.Build.0 = Release|Any CPU
	EndGlobalSection
	GlobalSection(SolutionProperties) = preSolution
		HideSolutionNode = FALSE
	EndGlobalSection
	GlobalSection(ExtensibilityGlobals) = postSolution
		SolutionGuid = {EE60DC46-C214-419C-94D1-5A95FCA69531}
	EndGlobalSection
EndGlobal
